{
  "name": "uv-app",
  "version": "1.0.0",
  "lockfileVersion": 2,
  "requires": true,
  "packages": {
    "": {
      "name": "uv-app",
      "version": "1.0.0",
      "license": "GPL-3.0-or-later",
      "dependencies": {
        "@tomphttp/bare-server-node": "^1.0.2-beta-readme2",
        "bare-server-node": "github:tomphttp/bare-server-node",
        "chrome-tabs": "^5.4.0",
        "draggabilly": "^3.0.0",
        "node-static": "^0.7.11"
      }
    },
    "node_modules/@tomphttp/bare-server-node": {
      "version": "1.0.2-beta-typings3",
      "resolved": "https://registry.npmjs.org/@tomphttp/bare-server-node/-/bare-server-node-1.0.2-beta-typings3.tgz",
      "integrity": "sha512-XSYfma4O8nEOHIQ9f6ufvm0oPEHeZyIlEuWZTtZPf+0rmU9eYHHzHAZCxVs0XcpCu+qMwSlzr//fmuMhhyvIxg==",
      "dependencies": {
        "commander": "^9.0.0",
        "dotenv": "^16.0.1",
        "fetch-headers": "^3.0.1",
        "http-errors": "^2.0.0"
      },
      "bin": {
        "bare-server-node": "scripts/start.js"
      }
    },
    "node_modules/bare-server-node": {
      "name": "@tomphttp/bare-server-node",
      "version": "1.0.2-beta-readme2",
      "resolved": "git+ssh://git@github.com/tomphttp/bare-server-node.git#c392b2d647b01fcb485494c1a4564a177db7cacf",
      "integrity": "sha512-oiZEghuY4TGagq4IYcdRBV4uQJQJ3tn6MR5VrzGoKNqCNU7omDmAmUN5LJxlnRd4BiYSRbUgPxraA6glIqaM5w==",
      "license": "GPL-3.0",
      "dependencies": {
        "commander": "^9.0.0",
        "dotenv": "^16.0.1",
        "fetch-headers": "^3.0.1",
        "http-errors": "^2.0.0"
      },
      "bin": {
        "bare-server-node": "scripts/start.js"
      }
    },
    "node_modules/chrome-tabs": {
      "version": "5.4.0",
      "resolved": "https://registry.npmjs.org/chrome-tabs/-/chrome-tabs-5.4.0.tgz",
      "integrity": "sha512-o2uzqwMleD0plpO4jghgkwIYGY/493/0DT+t8lvaGqGYUOstaKzYnkN/46Iv8LhPpR3S388TRQd7BveeOK8ECg==",
      "dependencies": {
        "draggabilly": "2.2.0"
      }
    },
    "node_modules/chrome-tabs/node_modules/draggabilly": {
      "version": "2.2.0",
      "resolved": "https://registry.npmjs.org/draggabilly/-/draggabilly-2.2.0.tgz",
      "integrity": "sha512-SygXstYyzRgLcb7VGr03QYC7166wgoaUfBoA9y+hiI7Swkyct4NNFDrEmO6T4Sz35qo71j0QAmuTagUGcwxWbg==",
      "dependencies": {
        "get-size": "^2.0.2",
        "unidragger": "^2.3.0"
      }
    },
    "node_modules/chrome-tabs/node_modules/get-size": {
      "version": "2.0.3",
      "resolved": "https://registry.npmjs.org/get-size/-/get-size-2.0.3.tgz",
      "integrity": "sha512-lXNzT/h/dTjTxRbm9BXb+SGxxzkm97h/PCIKtlN/CBCxxmkkIVV21udumMS93MuVTDX583gqc94v3RjuHmI+2Q=="
    },
    "node_modules/chrome-tabs/node_modules/unidragger": {
      "version": "2.4.0",
      "resolved": "https://registry.npmjs.org/unidragger/-/unidragger-2.4.0.tgz",
      "integrity": "sha512-MueZK2oXuGE6OAlGKIrSXK2zCq+8yb1QUZgqyTDCSJzvwYL0g2Llrad+TtoQTYxtFnNyxxSw0IMnKNIgEMia1w==",
      "dependencies": {
        "unipointer": "^2.4.0"
      }
    },
    "node_modules/colors": {
      "version": "1.4.0",
      "resolved": "https://registry.npmjs.org/colors/-/colors-1.4.0.tgz",
      "integrity": "sha512-a+UqTh4kgZg/SlGvfbzDHpgRu7AAQOmmqRHJnxhRZICKFUT91brVhNNt58CMWU9PsBbv3PDCZUHbVxuDiH2mtA==",
      "engines": {
        "node": ">=0.1.90"
      }
    },
    "node_modules/commander": {
      "version": "9.3.0",
      "resolved": "https://registry.npmjs.org/commander/-/commander-9.3.0.tgz",
      "integrity": "sha512-hv95iU5uXPbK83mjrJKuZyFM/LBAoCV/XhVGkS5Je6tl7sxr6A0ITMw5WoRV46/UaJ46Nllm3Xt7IaJhXTIkzw==",
      "engines": {
        "node": "^12.20.0 || >=14"
      }
    },
    "node_modules/depd": {
      "version": "2.0.0",
      "resolved": "https://registry.npmjs.org/depd/-/depd-2.0.0.tgz",
      "integrity": "sha512-g7nH6P6dyDioJogAAGprGpCtVImJhpPk/roCzdb3fIh61/s/nPsfR6onyMwkCAR/OlC3yBC0lESvUoQEAssIrw==",
      "engines": {
        "node": ">= 0.8"
      }
    },
    "node_modules/dotenv": {
      "version": "16.0.1",
      "resolved": "https://registry.npmjs.org/dotenv/-/dotenv-16.0.1.tgz",
      "integrity": "sha512-1K6hR6wtk2FviQ4kEiSjFiH5rpzEVi8WW0x96aztHVMhEspNpc4DVOUTEHtEva5VThQ8IaBX1Pe4gSzpVVUsKQ==",
      "engines": {
        "node": ">=12"
      }
    },
    "node_modules/draggabilly": {
      "version": "3.0.0",
      "resolved": "https://registry.npmjs.org/draggabilly/-/draggabilly-3.0.0.tgz",
      "integrity": "sha512-aEs+B6prbMZQMxc9lgTpCBfyCUhRur/VFucHhIOvlvvdARTj7TcDmX/cdOUtqbjJJUh7+agyJXR5Z6IFe1MxwQ==",
      "dependencies": {
        "get-size": "^3.0.0",
        "unidragger": "^3.0.0"
      }
    },
    "node_modules/ev-emitter": {
      "version": "2.1.2",
      "resolved": "https://registry.npmjs.org/ev-emitter/-/ev-emitter-2.1.2.tgz",
      "integrity": "sha512-jQ5Ql18hdCQ4qS+RCrbLfz1n+Pags27q5TwMKvZyhp5hh2UULUYZUy1keqj6k6SYsdqIYjnmz7xyyEY0V67B8Q=="
    },
    "node_modules/fetch-headers": {
      "version": "3.0.1",
      "resolved": "https://registry.npmjs.org/fetch-headers/-/fetch-headers-3.0.1.tgz",
      "integrity": "sha512-Kq+NyED/wLgT29St7aW47gAWg8EmmE5QmhwQ5RmPRULYLqpglA7Kc/ZnbqXu2vhH6mw1koikew2g94WiHLPmpA==",
      "funding": [
        {
          "type": "github",
          "url": "https://github.com/sponsors/jimmywarting"
        },
        {
          "type": "github",
          "url": "https://paypal.me/jimmywarting"
        }
      ],
      "engines": {
        "node": ">=12.20"
      }
    },
    "node_modules/get-size": {
      "version": "3.0.0",
      "resolved": "https://registry.npmjs.org/get-size/-/get-size-3.0.0.tgz",
      "integrity": "sha512-Y8aiXLq4leR7807UY0yuKEwif5s3kbVp1nTv+i4jBeoUzByTLKkLWu/HorS6/pB+7gsB0o7OTogC8AoOOeT0Hw=="
    },
    "node_modules/http-errors": {
      "version": "2.0.0",
      "resolved": "https://registry.npmjs.org/http-errors/-/http-errors-2.0.0.tgz",
      "integrity": "sha512-FtwrG/euBzaEjYeRqOgly7G0qviiXoJWnvEH2Z1plBdXgbyjv34pHTSb9zoeHMyDy33+DWy5Wt9Wo+TURtOYSQ==",
      "dependencies": {
        "depd": "2.0.0",
        "inherits": "2.0.4",
        "setprototypeof": "1.2.0",
        "statuses": "2.0.1",
        "toidentifier": "1.0.1"
      },
      "engines": {
        "node": ">= 0.8"
      }
    },
    "node_modules/inherits": {
      "version": "2.0.4",
      "resolved": "https://registry.npmjs.org/inherits/-/inherits-2.0.4.tgz",
      "integrity": "sha512-k/vGaX4/Yla3WzyMCvTQOXYeIHvqOKtnqBduzTHpzpQZzAskKMhZ2K+EnBiSM9zGSoIFeMpXKxa4dYeZIQqewQ=="
    },
    "node_modules/mime": {
      "version": "1.6.0",
      "resolved": "https://registry.npmjs.org/mime/-/mime-1.6.0.tgz",
      "integrity": "sha512-x0Vn8spI+wuJ1O6S7gnbaQg8Pxh4NNHb7KSINmEWKiPE4RKOplvijn+NkmYmmRgP68mc70j2EbeTFRsrswaQeg==",
      "bin": {
        "mime": "cli.js"
      },
      "engines": {
        "node": ">=4"
      }
    },
    "node_modules/minimist": {
      "version": "0.0.10",
      "resolved": "https://registry.npmjs.org/minimist/-/minimist-0.0.10.tgz",
      "integrity": "sha512-iotkTvxc+TwOm5Ieim8VnSNvCDjCK9S8G3scJ50ZthspSxa7jx50jkhYduuAtAjvfDUwSgOwf8+If99AlOEhyw=="
    },
    "node_modules/node-static": {
      "version": "0.7.11",
      "resolved": "https://registry.npmjs.org/node-static/-/node-static-0.7.11.tgz",
      "integrity": "sha512-zfWC/gICcqb74D9ndyvxZWaI1jzcoHmf4UTHWQchBNuNMxdBLJMDiUgZ1tjGLEIe/BMhj2DxKD8HOuc2062pDQ==",
      "dependencies": {
        "colors": ">=0.6.0",
        "mime": "^1.2.9",
        "optimist": ">=0.3.4"
      },
      "bin": {
        "static": "bin/cli.js"
      },
      "engines": {
        "node": ">= 0.4.1"
      }
    },
    "node_modules/optimist": {
      "version": "0.6.1",
      "resolved": "https://registry.npmjs.org/optimist/-/optimist-0.6.1.tgz",
      "integrity": "sha512-snN4O4TkigujZphWLN0E//nQmm7790RYaE53DdL7ZYwee2D8DDo9/EyYiKUfN3rneWUjhJnueija3G9I2i0h3g==",
      "dependencies": {
        "minimist": "~0.0.1",
        "wordwrap": "~0.0.2"
      }
    },
    "node_modules/setprototypeof": {
      "version": "1.2.0",
      "resolved": "https://registry.npmjs.org/setprototypeof/-/setprototypeof-1.2.0.tgz",
      "integrity": "sha512-E5LDX7Wrp85Kil5bhZv46j8jOeboKq5JMmYM3gVGdGH8xFpPWXUMsNrlODCrkoxMEeNi/XZIwuRvY4XNwYMJpw=="
    },
    "node_modules/statuses": {
      "version": "2.0.1",
      "resolved": "https://registry.npmjs.org/statuses/-/statuses-2.0.1.tgz",
      "integrity": "sha512-RwNA9Z/7PrK06rYLIzFMlaF+l73iwpzsqRIFgbMLbTcLD6cOao82TaWefPXQvB2fOC4AjuYSEndS7N/mTCbkdQ==",
      "engines": {
        "node": ">= 0.8"
      }
    },
    "node_modules/toidentifier": {
      "version": "1.0.1",
      "resolved": "https://registry.npmjs.org/toidentifier/-/toidentifier-1.0.1.tgz",
      "integrity": "sha512-o5sSPKEkg/DIQNmH43V0/uerLrpzVedkUh8tGNvaeXpfpuwjKenlSox/2O/BTlZUtEe+JG7s5YhEz608PlAHRA==",
      "engines": {
        "node": ">=0.6"
      }
    },
    "node_modules/unidragger": {
      "version": "3.0.1",
      "resolved": "https://registry.npmjs.org/unidragger/-/unidragger-3.0.1.tgz",
      "integrity": "sha512-RngbGSwBFmqGBWjkaH+yB677uzR95blSQyxq6hYbrQCejH3Mx1nm8DVOuh3M9k2fQyTstWUG5qlgCnNqV/9jVw==",
      "dependencies": {
        "ev-emitter": "^2.0.0"
      }
    },
    "node_modules/unipointer": {
      "version": "2.4.0",
      "resolved": "https://registry.npmjs.org/unipointer/-/unipointer-2.4.0.tgz",
      "integrity": "sha512-VjzDLPjGK7aYpQKH7bnDZS8X4axF5AFU/LQi+NQe1oyEHfaz6lWKhaQ7n4o7vJ1iJ4i2T0quCIfrQM139p05Sw==",
      "dependencies": {
        "ev-emitter": "^1.0.1"
      }
    },
    "node_modules/unipointer/node_modules/ev-emitter": {
      "version": "1.1.1",
      "resolved": "https://registry.npmjs.org/ev-emitter/-/ev-emitter-1.1.1.tgz",
      "integrity": "sha512-ipiDYhdQSCZ4hSbX4rMW+XzNKMD1prg/sTvoVmSLkuQ1MVlwjJQQA+sW8tMYR3BLUr9KjodFV4pvzunvRhd33Q=="
    },
    "node_modules/wordwrap": {
      "version": "0.0.3",
      "resolved": "https://registry.npmjs.org/wordwrap/-/wordwrap-0.0.3.tgz",
      "integrity": "sha512-1tMA907+V4QmxV7dbRvb4/8MaRALK6q9Abid3ndMYnbyo8piisCmeONVqVSXqQA3KaP4SLt5b7ud6E2sqP8TFw==",
      "engines": {
        "node": ">=0.4.0"
      }
    }
  },
  "dependencies": {
    "@tomphttp/bare-server-node": {
      "version": "1.0.2-beta-typings3",
      "resolved": "https://registry.npmjs.org/@tomphttp/bare-server-node/-/bare-server-node-1.0.2-beta-typings3.tgz",
      "integrity": "sha512-XSYfma4O8nEOHIQ9f6ufvm0oPEHeZyIlEuWZTtZPf+0rmU9eYHHzHAZCxVs0XcpCu+qMwSlzr//fmuMhhyvIxg==",
      "requires": {
        "commander": "^9.0.0",
        "dotenv": "^16.0.1",
        "fetch-headers": "^3.0.1",
        "http-errors": "^2.0.0"
      }
    },
    "bare-server-node": {
      "version": "git+ssh://git@github.com/tomphttp/bare-server-node.git#c392b2d647b01fcb485494c1a4564a177db7cacf",
      "from": "bare-server-node@github:tomphttp/bare-server-node",
      "requires": {
        "commander": "^9.0.0",
        "dotenv": "^16.0.1",
        "fetch-headers": "^3.0.1",
        "http-errors": "^2.0.0"
      }
    },
    "chrome-tabs": {
      "version": "5.4.0",
      "resolved": "https://registry.npmjs.org/chrome-tabs/-/chrome-tabs-5.4.0.tgz",
      "integrity": "sha512-o2uzqwMleD0plpO4jghgkwIYGY/493/0DT+t8lvaGqGYUOstaKzYnkN/46Iv8LhPpR3S388TRQd7BveeOK8ECg==",
      "requires": {
        "draggabilly": "2.2.0"
      },
      "dependencies": {
        "draggabilly": {
          "version": "2.2.0",
          "resolved": "https://registry.npmjs.org/draggabilly/-/draggabilly-2.2.0.tgz",
          "integrity": "sha512-SygXstYyzRgLcb7VGr03QYC7166wgoaUfBoA9y+hiI7Swkyct4NNFDrEmO6T4Sz35qo71j0QAmuTagUGcwxWbg==",
          "requires": {
            "get-size": "^2.0.2",
            "unidragger": "^2.3.0"
          }
        },
        "get-size": {
          "version": "2.0.3",
          "resolved": "https://registry.npmjs.org/get-size/-/get-size-2.0.3.tgz",
          "integrity": "sha512-lXNzT/h/dTjTxRbm9BXb+SGxxzkm97h/PCIKtlN/CBCxxmkkIVV21udumMS93MuVTDX583gqc94v3RjuHmI+2Q=="
        },
        "unidragger": {
          "version": "2.4.0",
          "resolved": "https://registry.npmjs.org/unidragger/-/unidragger-2.4.0.tgz",
          "integrity": "sha512-MueZK2oXuGE6OAlGKIrSXK2zCq+8yb1QUZgqyTDCSJzvwYL0g2Llrad+TtoQTYxtFnNyxxSw0IMnKNIgEMia1w==",
          "requires": {
            "unipointer": "^2.4.0"
          }
        }
      }
    },
    "colors": {
      "version": "1.4.0",
      "resolved": "https://registry.npmjs.org/colors/-/colors-1.4.0.tgz",
      "integrity": "sha512-a+UqTh4kgZg/SlGvfbzDHpgRu7AAQOmmqRHJnxhRZICKFUT91brVhNNt58CMWU9PsBbv3PDCZUHbVxuDiH2mtA=="
    },
    "commander": {
      "version": "9.3.0",
      "resolved": "https://registry.npmjs.org/commander/-/commander-9.3.0.tgz",
      "integrity": "sha512-hv95iU5uXPbK83mjrJKuZyFM/LBAoCV/XhVGkS5Je6tl7sxr6A0ITMw5WoRV46/UaJ46Nllm3Xt7IaJhXTIkzw=="
    },
    "depd": {
      "version": "2.0.0",
      "resolved": "https://registry.npmjs.org/depd/-/depd-2.0.0.tgz",
      "integrity": "sha512-g7nH6P6dyDioJogAAGprGpCtVImJhpPk/roCzdb3fIh61/s/nPsfR6onyMwkCAR/OlC3yBC0lESvUoQEAssIrw=="
    },
    "dotenv": {
      "version": "16.0.1",
      "resolved": "https://registry.npmjs.org/dotenv/-/dotenv-16.0.1.tgz",
      "integrity": "sha512-1K6hR6wtk2FviQ4kEiSjFiH5rpzEVi8WW0x96aztHVMhEspNpc4DVOUTEHtEva5VThQ8IaBX1Pe4gSzpVVUsKQ=="
    },
    "draggabilly": {
      "version": "3.0.0",
      "resolved": "https://registry.npmjs.org/draggabilly/-/draggabilly-3.0.0.tgz",
      "integrity": "sha512-aEs+B6prbMZQMxc9lgTpCBfyCUhRur/VFucHhIOvlvvdARTj7TcDmX/cdOUtqbjJJUh7+agyJXR5Z6IFe1MxwQ==",
      "requires": {
        "get-size": "^3.0.0",
        "unidragger": "^3.0.0"
      }
    },
    "ev-emitter": {
      "version": "2.1.2",
      "resolved": "https://registry.npmjs.org/ev-emitter/-/ev-emitter-2.1.2.tgz",
      "integrity": "sha512-jQ5Ql18hdCQ4qS+RCrbLfz1n+Pags27q5TwMKvZyhp5hh2UULUYZUy1keqj6k6SYsdqIYjnmz7xyyEY0V67B8Q=="
    },
    "fetch-headers": {
      "version": "3.0.1",
      "resolved": "https://registry.npmjs.org/fetch-headers/-/fetch-headers-3.0.1.tgz",
      "integrity": "sha512-Kq+NyED/wLgT29St7aW47gAWg8EmmE5QmhwQ5RmPRULYLqpglA7Kc/ZnbqXu2vhH6mw1koikew2g94WiHLPmpA=="
    },
    "get-size": {
      "version": "3.0.0",
      "resolved": "https://registry.npmjs.org/get-size/-/get-size-3.0.0.tgz",
      "integrity": "sha512-Y8aiXLq4leR7807UY0yuKEwif5s3kbVp1nTv+i4jBeoUzByTLKkLWu/HorS6/pB+7gsB0o7OTogC8AoOOeT0Hw=="
    },
    "http-errors": {
      "version": "2.0.0",
      "resolved": "https://registry.npmjs.org/http-errors/-/http-errors-2.0.0.tgz",
      "integrity": "sha512-FtwrG/euBzaEjYeRqOgly7G0qviiXoJWnvEH2Z1plBdXgbyjv34pHTSb9zoeHMyDy33+DWy5Wt9Wo+TURtOYSQ==",
      "requires": {
        "depd": "2.0.0",
        "inherits": "2.0.4",
        "setprototypeof": "1.2.0",
        "statuses": "2.0.1",
        "toidentifier": "1.0.1"
      }
    },
    "inherits": {
      "version": "2.0.4",
      "resolved": "https://registry.npmjs.org/inherits/-/inherits-2.0.4.tgz",
      "integrity": "sha512-k/vGaX4/Yla3WzyMCvTQOXYeIHvqOKtnqBduzTHpzpQZzAskKMhZ2K+EnBiSM9zGSoIFeMpXKxa4dYeZIQqewQ=="
    },
    "mime": {
      "version": "1.6.0",
      "resolved": "https://registry.npmjs.org/mime/-/mime-1.6.0.tgz",
      "integrity": "sha512-x0Vn8spI+wuJ1O6S7gnbaQg8Pxh4NNHb7KSINmEWKiPE4RKOplvijn+NkmYmmRgP68mc70j2EbeTFRsrswaQeg=="
    },
    "minimist": {
      "version": "0.0.10",
      "resolved": "https://registry.npmjs.org/minimist/-/minimist-0.0.10.tgz",
      "integrity": "sha512-iotkTvxc+TwOm5Ieim8VnSNvCDjCK9S8G3scJ50ZthspSxa7jx50jkhYduuAtAjvfDUwSgOwf8+If99AlOEhyw=="
    },
    "node-static": {
      "version": "0.7.11",
      "resolved": "https://registry.npmjs.org/node-static/-/node-static-0.7.11.tgz",
      "integrity": "sha512-zfWC/gICcqb74D9ndyvxZWaI1jzcoHmf4UTHWQchBNuNMxdBLJMDiUgZ1tjGLEIe/BMhj2DxKD8HOuc2062pDQ==",
      "requires": {
        "colors": ">=0.6.0",
        "mime": "^1.2.9",
        "optimist": ">=0.3.4"
      }
    },
    "optimist": {
      "version": "0.6.1",
      "resolved": "https://registry.npmjs.org/optimist/-/optimist-0.6.1.tgz",
      "integrity": "sha512-snN4O4TkigujZphWLN0E//nQmm7790RYaE53DdL7ZYwee2D8DDo9/EyYiKUfN3rneWUjhJnueija3G9I2i0h3g==",
      "requires": {
        "minimist": "~0.0.1",
        "wordwrap": "~0.0.2"
      }
    },
    "setprototypeof": {
      "version": "1.2.0",
      "resolved": "https://registry.npmjs.org/setprototypeof/-/setprototypeof-1.2.0.tgz",
      "integrity": "sha512-E5LDX7Wrp85Kil5bhZv46j8jOeboKq5JMmYM3gVGdGH8xFpPWXUMsNrlODCrkoxMEeNi/XZIwuRvY4XNwYMJpw=="
    },
    "statuses": {
      "version": "2.0.1",
      "resolved": "https://registry.npmjs.org/statuses/-/statuses-2.0.1.tgz",
      "integrity": "sha512-RwNA9Z/7PrK06rYLIzFMlaF+l73iwpzsqRIFgbMLbTcLD6cOao82TaWefPXQvB2fOC4AjuYSEndS7N/mTCbkdQ=="
    },
    "toidentifier": {
      "version": "1.0.1",
      "resolved": "https://registry.npmjs.org/toidentifier/-/toidentifier-1.0.1.tgz",
      "integrity": "sha512-o5sSPKEkg/DIQNmH43V0/uerLrpzVedkUh8tGNvaeXpfpuwjKenlSox/2O/BTlZUtEe+JG7s5YhEz608PlAHRA=="
    },
    "unidragger": {
      "version": "3.0.1",
      "resolved": "https://registry.npmjs.org/unidragger/-/unidragger-3.0.1.tgz",
      "integrity": "sha512-RngbGSwBFmqGBWjkaH+yB677uzR95blSQyxq6hYbrQCejH3Mx1nm8DVOuh3M9k2fQyTstWUG5qlgCnNqV/9jVw==",
      "requires": {
        "ev-emitter": "^2.0.0"
      }
    },
    "unipointer": {
      "version": "2.4.0",
      "resolved": "https://registry.npmjs.org/unipointer/-/unipointer-2.4.0.tgz",
      "integrity": "sha512-VjzDLPjGK7aYpQKH7bnDZS8X4axF5AFU/LQi+NQe1oyEHfaz6lWKhaQ7n4o7vJ1iJ4i2T0quCIfrQM139p05Sw==",
      "requires": {
        "ev-emitter": "^1.0.1"
      },
      "dependencies": {
        "ev-emitter": {
          "version": "1.1.1",
          "resolved": "https://registry.npmjs.org/ev-emitter/-/ev-emitter-1.1.1.tgz",
          "integrity": "sha512-ipiDYhdQSCZ4hSbX4rMW+XzNKMD1prg/sTvoVmSLkuQ1MVlwjJQQA+sW8tMYR3BLUr9KjodFV4pvzunvRhd33Q=="
        }
      }
    },
    "wordwrap": {
      "version": "0.0.3",
      "resolved": "https://registry.npmjs.org/wordwrap/-/wordwrap-0.0.3.tgz",
      "integrity": "sha512-1tMA907+V4QmxV7dbRvb4/8MaRALK6q9Abid3ndMYnbyo8piisCmeONVqVSXqQA3KaP4SLt5b7ud6E2sqP8TFw=="
    }
  }
}
